// !$*UTF8*$!
{
	archiveVersion = 1;
	classes = {
	};
	objectVersion = 50;
	objects = {

/* Begin PBXBuildFile section */
		E41EC6FB24B9B72300AAEE7E /* ImagepickerVC.swift in Sources */ = {isa = PBXBuildFile; fileRef = E41EC6FA24B9B72300AAEE7E /* ImagepickerVC.swift */; };
		E422A14024B0E6A200B5970D /* ImageVC.swift in Sources */ = {isa = PBXBuildFile; fileRef = E422A13F24B0E6A200B5970D /* ImageVC.swift */; };
		E439CCA724B081A4009F4F16 /* AppDelegate.swift in Sources */ = {isa = PBXBuildFile; fileRef = E439CCA624B081A4009F4F16 /* AppDelegate.swift */; };
		E439CCA924B081A4009F4F16 /* SceneDelegate.swift in Sources */ = {isa = PBXBuildFile; fileRef = E439CCA824B081A4009F4F16 /* SceneDelegate.swift */; };
		E439CCAB24B081A4009F4F16 /* ViewController.swift in Sources */ = {isa = PBXBuildFile; fileRef = E439CCAA24B081A4009F4F16 /* ViewController.swift */; };
		E439CCAE24B081A4009F4F16 /* Main.storyboard in Resources */ = {isa = PBXBuildFile; fileRef = E439CCAC24B081A4009F4F16 /* Main.storyboard */; };
		E439CCB024B081A6009F4F16 /* Assets.xcassets in Resources */ = {isa = PBXBuildFile; fileRef = E439CCAF24B081A6009F4F16 /* Assets.xcassets */; };
		E439CCB324B081A6009F4F16 /* LaunchScreen.storyboard in Resources */ = {isa = PBXBuildFile; fileRef = E439CCB124B081A6009F4F16 /* LaunchScreen.storyboard */; };
		E4BFFEFF24B1A56A00433642 /* NextVC.swift in Sources */ = {isa = PBXBuildFile; fileRef = E4BFFEFE24B1A56A00433642 /* NextVC.swift */; };
/* End PBXBuildFile section */

/* Begin PBXFileReference section */
		E41EC6FA24B9B72300AAEE7E /* ImagepickerVC.swift */ = {isa = PBXFileReference; lastKnownFileType = sourcecode.swift; path = ImagepickerVC.swift; sourceTree = "<group>"; };
		E422A13F24B0E6A200B5970D /* ImageVC.swift */ = {isa = PBXFileReference; lastKnownFileType = sourcecode.swift; path = ImageVC.swift; sourceTree = "<group>"; };
		E439CCA324B081A4009F4F16 /* Day 1.app */ = {isa = PBXFileReference; explicitFileType = wrapper.application; includeInIndex = 0; path = "Day 1.app"; sourceTree = BUILT_PRODUCTS_DIR; };
		E439CCA624B081A4009F4F16 /* AppDelegate.swift */ = {isa = PBXFileReference; lastKnownFileType = sourcecode.swift; path = AppDelegate.swift; sourceTree = "<group>"; };
		E439CCA824B081A4009F4F16 /* SceneDelegate.swift */ = {isa = PBXFileReference; lastKnownFileType = sourcecode.swift; path = SceneDelegate.swift; sourceTree = "<group>"; };
		E439CCAA24B081A4009F4F16 /* ViewController.swift */ = {isa = PBXFileReference; lastKnownFileType = sourcecode.swift; path = ViewController.swift; sourceTree = "<group>"; };
		E439CCAD24B081A4009F4F16 /* Base */ = {isa = PBXFileReference; lastKnownFileType = file.storyboard; name = Base; path = Base.lproj/Main.storyboard; sourceTree = "<group>"; };
		E439CCAF24B081A6009F4F16 /* Assets.xcassets */ = {isa = PBXFileReference; lastKnownFileType = folder.assetcatalog; path = Assets.xcassets; sourceTree = "<group>"; };
		E439CCB224B081A6009F4F16 /* Base */ = {isa = PBXFileReference; lastKnownFileType = file.storyboard; name = Base; path = Base.lproj/LaunchScreen.storyboard; sourceTree = "<group>"; };
		E439CCB424B081A6009F4F16 /* Info.plist */ = {isa = PBXFileReference; lastKnownFileType = text.plist.xml; path = Info.plist; sourceTree = "<group>"; };
		E4BFFEFE24B1A56A00433642 /* NextVC.swift */ = {isa = PBXFileReference; lastKnownFileType = sourcecode.swift; path = NextVC.swift; sourceTree = "<group>"; };
/* End PBXFileReference section */

/* Begin PBXFrameworksBuildPhase section */
		E439CCA024B081A4009F4F16 /* Frameworks */ = {
			isa = PBXFrameworksBuildPhase;
			buildActionMask = 2147483647;
			files = (
			);
			runOnlyForDeploymentPostprocessing = 0;
		};
/* End PBXFrameworksBuildPhase section */

/* Begin PBXGroup section */
		E41EC6FC24B9B8DB00AAEE7E /* ViewController */ = {
			isa = PBXGroup;
			children = (
				E439CCAA24B081A4009F4F16 /* ViewController.swift */,
				E4BFFEFE24B1A56A00433642 /* NextVC.swift */,
				E422A13F24B0E6A200B5970D /* ImageVC.swift */,
				E41EC6FA24B9B72300AAEE7E /* ImagepickerVC.swift */,
			);
			path = ViewController;
			sourceTree = "<group>";
		};
		E439CC9A24B081A4009F4F16 = {
			isa = PBXGroup;
			children = (
				E439CCA524B081A4009F4F16 /* Day 1 */,
				E439CCA424B081A4009F4F16 /* Products */,
			);
			sourceTree = "<group>";
		};
		E439CCA424B081A4009F4F16 /* Products */ = {
			isa = PBXGroup;
			children = (
				E439CCA324B081A4009F4F16 /* Day 1.app */,
			);
			name = Products;
			sourceTree = "<group>";
		};
		E439CCA524B081A4009F4F16 /* Day 1 */ = {
			isa = PBXGroup;
			children = (
				E439CCA624B081A4009F4F16 /* AppDelegate.swift */,
				E439CCA824B081A4009F4F16 /* SceneDelegate.swift */,
				E41EC6FC24B9B8DB00AAEE7E /* ViewController */,
				E439CCAC24B081A4009F4F16 /* Main.storyboard */,
				E439CCAF24B081A6009F4F16 /* Assets.xcassets */,
				E439CCB124B081A6009F4F16 /* LaunchScreen.storyboard */,
				E439CCB424B081A6009F4F16 /* Info.plist */,
			);
			path = "Day 1";
			sourceTree = "<group>";
		};
/* End PBXGroup section */

/* Begin PBXNativeTarget section */
		E439CCA224B081A4009F4F16 /* Day 1 */ = {
			isa = PBXNativeTarget;
			buildConfigurationList = E439CCB724B081A6009F4F16 /* Build configuration list for PBXNativeTarget "Day 1" */;
			buildPhases = (
				E439CC9F24B081A4009F4F16 /* Sources */,
				E439CCA024B081A4009F4F16 /* Frameworks */,
				E439CCA124B081A4009F4F16 /* Resources */,
			);
			buildRules = (
			);
			dependencies = (
			);
			name = "Day 1";
			productName = "Day 1";
			productReference = E439CCA324B081A4009F4F16 /* Day 1.app */;
			productType = "com.apple.product-type.application";
		};
/* End PBXNativeTarget section */

/* Begin PBXProject section */
		E439CC9B24B081A4009F4F16 /* Project object */ = {
			isa = PBXProject;
			attributes = {
				LastSwiftUpdateCheck = 1110;
				LastUpgradeCheck = 1110;
				ORGANIZATIONNAME = Captain;
				TargetAttributes = {
					E439CCA224B081A4009F4F16 = {
						CreatedOnToolsVersion = 11.1;
					};
				};
			};
			buildConfigurationList = E439CC9E24B081A4009F4F16 /* Build configuration list for PBXProject "Day 1" */;
			compatibilityVersion = "Xcode 9.3";
			developmentRegion = en;
			hasScannedForEncodings = 0;
			knownRegions = (
				en,
				Base,
			);
			mainGroup = E439CC9A24B081A4009F4F16;
			productRefGroup = E439CCA424B081A4009F4F16 /* Products */;
			projectDirPath = "";
			projectRoot = "";
			targets = (
				E439CCA224B081A4009F4F16 /* Day 1 */,
			);
		};
/* End PBXProject section */

/* Begin PBXResourcesBuildPhase section */
		E439CCA124B081A4009F4F16 /* Resources */ = {
			isa = PBXResourcesBuildPhase;
			buildActionMask = 2147483647;
			files = (
				E439CCB324B081A6009F4F16 /* LaunchScreen.storyboard in Resources */,
				E439CCB024B081A6009F4F16 /* Assets.xcassets in Resources */,
				E439CCAE24B081A4009F4F16 /* Main.storyboard in Resources */,
			);
			runOnlyForDeploymentPostprocessing = 0;
		};
/* End PBXResourcesBuildPhase section */

/* Begin PBXSourcesBuildPhase section */
		E439CC9F24B081A4009F4F16 /* Sources */ = {
			isa = PBXSourcesBuildPhase;
			buildActionMask = 2147483647;
			files = (
				E422A14024B0E6A200B5970D /* ImageVC.swift in Sources */,
				E439CCAB24B081A4009F4F16 /* ViewController.swift in Sources */,
				E41EC6FB24B9B72300AAEE7E /* ImagepickerVC.swift in Sources */,
				E439CCA724B081A4009F4F16 /* AppDelegate.swift in Sources */,
				E4BFFEFF24B1A56A00433642 /* NextVC.swift in Sources */,
				E439CCA924B081A4009F4F16 /* SceneDelegate.swift in Sources */,
			);
			runOnlyForDeploymentPostprocessing = 0;
		};
/* End PBXSourcesBuildPhase section */

/* Begin PBXVariantGroup section */
		E439CCAC24B081A4009F4F16 /* Main.storyboard */ = {
			isa = PBXVariantGroup;
			children = (
				E439CCAD24B081A4009F4F16 /* Base */,
			);
			name = Main.storyboard;
			sourceTree = "<group>";
		};
		E439CCB124B081A6009F4F16 /* LaunchScreen.storyboard */ = {
			isa = PBXVariantGroup;
			children = (
				E439CCB224B081A6009F4F16 /* Base */,
			);
			name = LaunchScreen.storyboard;
			sourceTree = "<group>";
		};
/* End PBXVariantGroup section */

/* Begin XCBuildConfiguration section */
		E439CCB524B081A6009F4F16 /* Debug */ = {
			isa = XCBuildConfiguration;
			buildSettings = {
				ALWAYS_SEARCH_USER_PATHS = NO;
				CLANG_ANALYZER_NONNULL = YES;
				CLANG_ANALYZER_NUMBER_OBJECT_CONVERSION = YES_AGGRESSIVE;
				CLANG_CXX_LANGUAGE_STANDARD = "gnu++14";
				CLANG_CXX_LIBRARY = "libc++";
				CLANG_ENABLE_MODULES = YES;
				CLANG_ENABLE_OBJC_ARC = YES;
				CLANG_ENABLE_OBJC_WEAK = YES;
				CLANG_WARN_BLOCK_CAPTURE_AUTORELEASING = YES;
				CLANG_WARN_BOOL_CONVERSION = YES;
				CLANG_WARN_COMMA = YES;
				CLANG_WARN_CONSTANT_CONVERSION = YES;
				CLANG_WARN_DEPRECATED_OBJC_IMPLEMENTATIONS = YES;
				CLANG_WARN_DIRECT_OBJC_ISA_USAGE = YES_ERROR;
				CLANG_WARN_DOCUMENTATION_COMMENTS = YES;
				CLANG_WARN_EMPTY_BODY = YES;
				CLANG_WARN_ENUM_CONVERSION = YES;
				CLANG_WARN_INFINITE_RECURSION = YES;
				CLANG_WARN_INT_CONVERSION = YES;
				CLANG_WARN_NON_LITERAL_NULL_CONVERSION = YES;
				CLANG_WARN_OBJC_IMPLICIT_RETAIN_SELF = YES;
				CLANG_WARN_OBJC_LITERAL_CONVERSION = YES;
				CLANG_WARN_OBJC_ROOT_CLASS = YES_ERROR;
				CLANG_WARN_RANGE_LOOP_ANALYSIS = YES;
				CLANG_WARN_STRICT_PROTOTYPES = YES;
				CLANG_WARN_SUSPICIOUS_MOVE = YES;
				CLANG_WARN_UNGUARDED_AVAILABILITY = YES_AGGRESSIVE;
				CLANG_WARN_UNREACHABLE_CODE = YES;
				CLANG_WARN__DUPLICATE_METHOD_MATCH = YES;
				COPY_PHASE_STRIP = NO;
				DEBUG_INFORMATION_FORMAT = dwarf;
				ENABLE_STRICT_OBJC_MSGSEND = YES;
				ENABLE_TESTABILITY = YES;
				GCC_C_LANGUAGE_STANDARD = gnu11;
				GCC_DYNAMIC_NO_PIC = NO;
				GCC_NO_COMMON_BLOCKS = YES;
				GCC_OPTIMIZATION_LEVEL = 0;
				GCC_PREPROCESSOR_DEFINITIONS = (
					"DEBUG=1",
					"$(inherited)",
				);
				GCC_WARN_64_TO_32_BIT_CONVERSION = YES;
				GCC_WARN_ABOUT_RETURN_TYPE = YES_ERROR;
				GCC_WARN_UNDECLARED_SELECTOR = YES;
				GCC_WARN_UNINITIALIZED_AUTOS = YES_AGGRESSIVE;
				GCC_WARN_UNUSED_FUNCTION = YES;
				GCC_WARN_UNUSED_VARIABLE = YES;
				IPHONEOS_DEPLOYMENT_TARGET = 13.1;
				MTL_ENABLE_DEBUG_INFO = INCLUDE_SOURCE;
				MTL_FAST_MATH = YES;
				ONLY_ACTIVE_ARCH = YES;
				SDKROOT = iphoneos;
				SWIFT_ACTIVE_COMPILATION_CONDITIONS = DEBUG;
				SWIFT_OPTIMIZATION_LEVEL = "-Onone";
			};
			name = Debug;
		};
		E439CCB624B081A6009F4F16 /* Release */ = {
			isa = XCBuildConfiguration;
			buildSettings = {
				ALWAYS_SEARCH_USER_PATHS = NO;
				CLANG_ANALYZER_NONNULL = YES;
				CLANG_ANALYZER_NUMBER_OBJECT_CONVERSION = YES_AGGRESSIVE;
				CLANG_CXX_LANGUAGE_STANDARD = "gnu++14";
				CLANG_CXX_LIBRARY = "libc++";
				CLANG_ENABLE_MODULES = YES;
				CLANG_ENABLE_OBJC_ARC = YES;
				CLANG_ENABLE_OBJC_WEAK = YES;
				CLANG_WARN_BLOCK_CAPTURE_AUTORELEASING = YES;
				CLANG_WARN_BOOL_CONVERSION = YES;
				CLANG_WARN_COMMA = YES;
				CLANG_WARN_CONSTANT_CONVERSION = YES;
				CLANG_WARN_DEPRECATED_OBJC_IMPLEMENTATIONS = YES;
				CLANG_WARN_DIRECT_OBJC_ISA_USAGE = YES_ERROR;
				CLANG_WARN_DOCUMENTATION_COMMENTS = YES;
				CLANG_WARN_EMPTY_BODY = YES;
				CLANG_WARN_ENUM_CONVERSION = YES;
				CLANG_WARN_INFINITE_RECURSION = YES;
				CLANG_WARN_INT_CONVERSION = YES;
				CLANG_WARN_NON_LITERAL_NULL_CONVERSION = YES;
				CLANG_WARN_OBJC_IMPLICIT_RETAIN_SELF = YES;
				CLANG_WARN_OBJC_LITERAL_CONVERSION = YES;
				CLANG_WARN_OBJC_ROOT_CLASS = YES_ERROR;
				CLANG_WARN_RANGE_LOOP_ANALYSIS = YES;
				CLANG_WARN_STRICT_PROTOTYPES = YES;
				CLANG_WARN_SUSPICIOUS_MOVE = YES;
				CLANG_WARN_UNGUARDED_AVAILABILITY = YES_AGGRESSIVE;
				CLANG_WARN_UNREACHABLE_CODE = YES;
				CLANG_WARN__DUPLICATE_METHOD_MATCH = YES;
				COPY_PHASE_STRIP = NO;
				DEBUG_INFORMATION_FORMAT = "dwarf-with-dsym";
				ENABLE_NS_ASSERTIONS = NO;
				ENABLE_STRICT_OBJC_MSGSEND = YES;
				GCC_C_LANGUAGE_STANDARD = gnu11;
				GCC_NO_COMMON_BLOCKS = YES;
				GCC_WARN_64_TO_32_BIT_CONVERSION = YES;
				GCC_WARN_ABOUT_RETURN_TYPE = YES_ERROR;
				GCC_WARN_UNDECLARED_SELECTOR = YES;
				GCC_WARN_UNINITIALIZED_AUTOS = YES_AGGRESSIVE;
				GCC_WARN_UNUSED_FUNCTION = YES;
				GCC_WARN_UNUSED_VARIABLE = YES;
				IPHONEOS_DEPLOYMENT_TARGET = 13.1;
				MTL_ENABLE_DEBUG_INFO = NO;
				MTL_FAST_MATH = YES;
				SDKROOT = iphoneos;
				SWIFT_COMPILATION_MODE = wholemodule;
				SWIFT_OPTIMIZATION_LEVEL = "-O";
				VALIDATE_PRODUCT = YES;
			};
			name = Release;
		};
		E439CCB824B081A6009F4F16 /* Debug */ = {
			isa = XCBuildConfiguration;
			buildSettings = {
				ASSETCATALOG_COMPILER_APPICON_NAME = AppIcon;
				CODE_SIGN_STYLE = Automatic;
				CURRENT_PROJECT_VERSION = 1;
				DEVELOPMENT_TEAM = DRQBZVSS6C;
				INFOPLIST_FILE = "Day 1/Info.plist";
				LD_RUNPATH_SEARCH_PATHS = (
					"$(inherited)",
					"@executable_path/Frameworks",
				);
				MARKETING_VERSION = 1.0.1;
				PRODUCT_BUNDLE_IDENTIFIER = "com.pragma.Day-1";
				PRODUCT_NAME = "$(TARGET_NAME)";
				SWIFT_VERSION = 5.0;
				TARGETED_DEVICE_FAMILY = 1;
			};
			name = Debug;
		};
		E439CCB924B081A6009F4F16 /* Release */ = {
			isa = XCBuildConfiguration;
			buildSettings = {
				ASSETCATALOG_COMPILER_APPICON_NAME = AppIcon;
				CODE_SIGN_STYLE = Automatic;
				CURRENT_PROJECT_VERSION = 1;
				DEVELOPMENT_TEAM = DRQBZVSS6C;
				INFOPLIST_FILE = "Day 1/Info.plist";
				LD_RUNPATH_SEARCH_PATHS = (
					"$(inherited)",
					"@executable_path/Frameworks",
				);
				MARKETING_VERSION = 1.0.1;
				PRODUCT_BUNDLE_IDENTIFIER = "com.pragma.Day-1";
				PRODUCT_NAME = "$(TARGET_NAME)";
				SWIFT_VERSION = 5.0;
				TARGETED_DEVICE_FAMILY = 1;
			};
			name = Release;
		};
/* End XCBuildConfiguration section */

/* Begin XCConfigurationList section */
		E439CC9E24B081A4009F4F16 /* Build configuration list for PBXProject "Day 1" */ = {
			isa = XCConfigurationList;
			buildConfigurations = (
				E439CCB524B081A6009F4F16 /* Debug */,
				E439CCB624B081A6009F4F16 /* Release */,
			);
			defaultConfigurationIsVisible = 0;
			defaultConfigurationName = Release;
		};
		E439CCB724B081A6009F4F16 /* Build configuration list for PBXNativeTarget "Day 1" */ = {
			isa = XCConfigurationList;
			buildConfigurations = (
				E439CCB824B081A6009F4F16 /* Debug */,
				E439CCB924B081A6009F4F16 /* Release */,
			);
			defaultConfigurationIsVisible = 0;
			defaultConfigurationName = Release;
		};
/* End XCConfigurationList section */
	};
	rootObject = E439CC9B24B081A4009F4F16 /* Project object */;
}
